// !$*UTF8*$!
{
	archiveVersion = 1;
	classes = {
	};
	objectVersion = 48;
	objects = {

/* Begin PBXBuildFile section */
		DE63DCEE1FBF124200374584 /* BeerDetailViewController.swift in Sources */ = {isa = PBXBuildFile; fileRef = DE63DCED1FBF124200374584 /* BeerDetailViewController.swift */; };
		DE63DCF01FBF30E100374584 /* APIManager.swift in Sources */ = {isa = PBXBuildFile; fileRef = DE63DCEF1FBF30E100374584 /* APIManager.swift */; };
		DEFCC8711FBE1C9B00FB3D0E /* AppDelegate.swift in Sources */ = {isa = PBXBuildFile; fileRef = DEFCC8701FBE1C9B00FB3D0E /* AppDelegate.swift */; };
		DEFCC8761FBE1C9B00FB3D0E /* Main.storyboard in Resources */ = {isa = PBXBuildFile; fileRef = DEFCC8741FBE1C9B00FB3D0E /* Main.storyboard */; };
		DEFCC8781FBE1C9B00FB3D0E /* Assets.xcassets in Resources */ = {isa = PBXBuildFile; fileRef = DEFCC8771FBE1C9B00FB3D0E /* Assets.xcassets */; };
		DEFCC87B1FBE1C9B00FB3D0E /* LaunchScreen.storyboard in Resources */ = {isa = PBXBuildFile; fileRef = DEFCC8791FBE1C9B00FB3D0E /* LaunchScreen.storyboard */; };
		DEFCC8891FBE1E6E00FB3D0E /* BeersTableViewController.swift in Sources */ = {isa = PBXBuildFile; fileRef = DEFCC8881FBE1E6E00FB3D0E /* BeersTableViewController.swift */; };
		DEFCC88B1FBE1F1800FB3D0E /* Beer.swift in Sources */ = {isa = PBXBuildFile; fileRef = DEFCC88A1FBE1F1800FB3D0E /* Beer.swift */; };
/* End PBXBuildFile section */

/* Begin PBXFileReference section */
		DE63DCED1FBF124200374584 /* BeerDetailViewController.swift */ = {isa = PBXFileReference; lastKnownFileType = sourcecode.swift; path = BeerDetailViewController.swift; sourceTree = "<group>"; };
		DE63DCEF1FBF30E100374584 /* APIManager.swift */ = {isa = PBXFileReference; lastKnownFileType = sourcecode.swift; path = APIManager.swift; sourceTree = "<group>"; };
		DEFCC86D1FBE1C9B00FB3D0E /* BrewDog.app */ = {isa = PBXFileReference; explicitFileType = wrapper.application; includeInIndex = 0; path = BrewDog.app; sourceTree = BUILT_PRODUCTS_DIR; };
		DEFCC8701FBE1C9B00FB3D0E /* AppDelegate.swift */ = {isa = PBXFileReference; lastKnownFileType = sourcecode.swift; path = AppDelegate.swift; sourceTree = "<group>"; };
		DEFCC8751FBE1C9B00FB3D0E /* Base */ = {isa = PBXFileReference; lastKnownFileType = file.storyboard; name = Base; path = Base.lproj/Main.storyboard; sourceTree = "<group>"; };
		DEFCC8771FBE1C9B00FB3D0E /* Assets.xcassets */ = {isa = PBXFileReference; lastKnownFileType = folder.assetcatalog; path = Assets.xcassets; sourceTree = "<group>"; };
		DEFCC87A1FBE1C9B00FB3D0E /* Base */ = {isa = PBXFileReference; lastKnownFileType = file.storyboard; name = Base; path = Base.lproj/LaunchScreen.storyboard; sourceTree = "<group>"; };
		DEFCC87C1FBE1C9B00FB3D0E /* Info.plist */ = {isa = PBXFileReference; lastKnownFileType = text.plist.xml; path = Info.plist; sourceTree = "<group>"; };
		DEFCC8881FBE1E6E00FB3D0E /* BeersTableViewController.swift */ = {isa = PBXFileReference; lastKnownFileType = sourcecode.swift; path = BeersTableViewController.swift; sourceTree = "<group>"; };
		DEFCC88A1FBE1F1800FB3D0E /* Beer.swift */ = {isa = PBXFileReference; lastKnownFileType = sourcecode.swift; path = Beer.swift; sourceTree = "<group>"; };
/* End PBXFileReference section */

/* Begin PBXFrameworksBuildPhase section */
		DEFCC86A1FBE1C9B00FB3D0E /* Frameworks */ = {
			isa = PBXFrameworksBuildPhase;
			buildActionMask = 2147483647;
			files = (
			);
			runOnlyForDeploymentPostprocessing = 0;
		};
/* End PBXFrameworksBuildPhase section */

/* Begin PBXGroup section */
		DEFCC8641FBE1C9B00FB3D0E = {
			isa = PBXGroup;
			children = (
				DEFCC86F1FBE1C9B00FB3D0E /* BrewDog */,
				DEFCC86E1FBE1C9B00FB3D0E /* Products */,
			);
			sourceTree = "<group>";
		};
		DEFCC86E1FBE1C9B00FB3D0E /* Products */ = {
			isa = PBXGroup;
			children = (
				DEFCC86D1FBE1C9B00FB3D0E /* BrewDog.app */,
			);
			name = Products;
			sourceTree = "<group>";
		};
		DEFCC86F1FBE1C9B00FB3D0E /* BrewDog */ = {
			isa = PBXGroup;
			children = (
				DEFCC88A1FBE1F1800FB3D0E /* Beer.swift */,
				DEFCC8881FBE1E6E00FB3D0E /* BeersTableViewController.swift */,
				DE63DCED1FBF124200374584 /* BeerDetailViewController.swift */,
				DE63DCEF1FBF30E100374584 /* APIManager.swift */,
				DEFCC8701FBE1C9B00FB3D0E /* AppDelegate.swift */,
				DEFCC8741FBE1C9B00FB3D0E /* Main.storyboard */,
				DEFCC8771FBE1C9B00FB3D0E /* Assets.xcassets */,
				DEFCC8791FBE1C9B00FB3D0E /* LaunchScreen.storyboard */,
				DEFCC87C1FBE1C9B00FB3D0E /* Info.plist */,
			);
			path = BrewDog;
			sourceTree = "<group>";
		};
/* End PBXGroup section */

/* Begin PBXNativeTarget section */
		DEFCC86C1FBE1C9B00FB3D0E /* BrewDog */ = {
			isa = PBXNativeTarget;
			buildConfigurationList = DEFCC87F1FBE1C9B00FB3D0E /* Build configuration list for PBXNativeTarget "BrewDog" */;
			buildPhases = (
				DEFCC8691FBE1C9B00FB3D0E /* Sources */,
				DEFCC86A1FBE1C9B00FB3D0E /* Frameworks */,
				DEFCC86B1FBE1C9B00FB3D0E /* Resources */,
			);
			buildRules = (
			);
			dependencies = (
			);
			name = BrewDog;
			productName = BrewDog;
			productReference = DEFCC86D1FBE1C9B00FB3D0E /* BrewDog.app */;
			productType = "com.apple.product-type.application";
		};
/* End PBXNativeTarget section */

/* Begin PBXProject section */
		DEFCC8651FBE1C9B00FB3D0E /* Project object */ = {
			isa = PBXProject;
			attributes = {
				LastSwiftUpdateCheck = 0900;
				LastUpgradeCheck = 0900;
				ORGANIZATIONNAME = "AC-iOS";
				TargetAttributes = {
					DEFCC86C1FBE1C9B00FB3D0E = {
						CreatedOnToolsVersion = 9.0.1;
						ProvisioningStyle = Automatic;
					};
				};
			};
			buildConfigurationList = DEFCC8681FBE1C9B00FB3D0E /* Build configuration list for PBXProject "BrewDog" */;
			compatibilityVersion = "Xcode 8.0";
			developmentRegion = en;
			hasScannedForEncodings = 0;
			knownRegions = (
				en,
				Base,
			);
			mainGroup = DEFCC8641FBE1C9B00FB3D0E;
			productRefGroup = DEFCC86E1FBE1C9B00FB3D0E /* Products */;
			projectDirPath = "";
			projectRoot = "";
			targets = (
				DEFCC86C1FBE1C9B00FB3D0E /* BrewDog */,
			);
		};
/* End PBXProject section */

/* Begin PBXResourcesBuildPhase section */
		DEFCC86B1FBE1C9B00FB3D0E /* Resources */ = {
			isa = PBXResourcesBuildPhase;
			buildActionMask = 2147483647;
			files = (
				DEFCC87B1FBE1C9B00FB3D0E /* LaunchScreen.storyboard in Resources */,
				DEFCC8781FBE1C9B00FB3D0E /* Assets.xcassets in Resources */,
				DEFCC8761FBE1C9B00FB3D0E /* Main.storyboard in Resources */,
			);
			runOnlyForDeploymentPostprocessing = 0;
		};
/* End PBXResourcesBuildPhase section */

/* Begin PBXSourcesBuildPhase section */
		DEFCC8691FBE1C9B00FB3D0E /* Sources */ = {
			isa = PBXSourcesBuildPhase;
			buildActionMask = 2147483647;
			files = (
				DEFCC8711FBE1C9B00FB3D0E /* AppDelegate.swift in Sources */,
				DE63DCEE1FBF124200374584 /* BeerDetailViewController.swift in Sources */,
				DE63DCF01FBF30E100374584 /* APIManager.swift in Sources */,
				DEFCC88B1FBE1F1800FB3D0E /* Beer.swift in Sources */,
				DEFCC8891FBE1E6E00FB3D0E /* BeersTableViewController.swift in Sources */,
			);
			runOnlyForDeploymentPostprocessing = 0;
		};
/* End PBXSourcesBuildPhase section */

/* Begin PBXVariantGroup section */
		DEFCC8741FBE1C9B00FB3D0E /* Main.storyboard */ = {
			isa = PBXVariantGroup;
			children = (
				DEFCC8751FBE1C9B00FB3D0E /* Base */,
			);
			name = Main.storyboard;
			sourceTree = "<group>";
		};
		DEFCC8791FBE1C9B00FB3D0E /* LaunchScreen.storyboard */ = {
			isa = PBXVariantGroup;
			children = (
				DEFCC87A1FBE1C9B00FB3D0E /* Base */,
			);
			name = LaunchScreen.storyboard;
			sourceTree = "<group>";
		};
/* End PBXVariantGroup section */

/* Begin XCBuildConfiguration section */
		DEFCC87D1FBE1C9B00FB3D0E /* Debug */ = {
			isa = XCBuildConfiguration;
			buildSettings = {
				ALWAYS_SEARCH_USER_PATHS = NO;
				CLANG_ANALYZER_NONNULL = YES;
				CLANG_ANALYZER_NUMBER_OBJECT_CONVERSION = YES_AGGRESSIVE;
				CLANG_CXX_LANGUAGE_STANDARD = "gnu++14";
				CLANG_CXX_LIBRARY = "libc++";
				CLANG_ENABLE_MODULES = YES;
				CLANG_ENABLE_OBJC_ARC = YES;
				CLANG_WARN_BLOCK_CAPTURE_AUTORELEASING = YES;
				CLANG_WARN_BOOL_CONVERSION = YES;
				CLANG_WARN_COMMA = YES;
				CLANG_WARN_CONSTANT_CONVERSION = YES;
				CLANG_WARN_DIRECT_OBJC_ISA_USAGE = YES_ERROR;
				CLANG_WARN_DOCUMENTATION_COMMENTS = YES;
				CLANG_WARN_EMPTY_BODY = YES;
				CLANG_WARN_ENUM_CONVERSION = YES;
				CLANG_WARN_INFINITE_RECURSION = YES;
				CLANG_WARN_INT_CONVERSION = YES;
				CLANG_WARN_NON_LITERAL_NULL_CONVERSION = YES;
				CLANG_WARN_OBJC_LITERAL_CONVERSION = YES;
				CLANG_WARN_OBJC_ROOT_CLASS = YES_ERROR;
				CLANG_WARN_RANGE_LOOP_ANALYSIS = YES;
				CLANG_WARN_STRICT_PROTOTYPES = YES;
				CLANG_WARN_SUSPICIOUS_MOVE = YES;
				CLANG_WARN_UNGUARDED_AVAILABILITY = YES_AGGRESSIVE;
				CLANG_WARN_UNREACHABLE_CODE = YES;
				CLANG_WARN__DUPLICATE_METHOD_MATCH = YES;
				CODE_SIGN_IDENTITY = "iPhone Developer";
				COPY_PHASE_STRIP = NO;
				DEBUG_INFORMATION_FORMAT = dwarf;
				ENABLE_STRICT_OBJC_MSGSEND = YES;
				ENABLE_TESTABILITY = YES;
				GCC_C_LANGUAGE_STANDARD = gnu11;
				GCC_DYNAMIC_NO_PIC = NO;
				GCC_NO_COMMON_BLOCKS = YES;
				GCC_OPTIMIZATION_LEVEL = 0;
				GCC_PREPROCESSOR_DEFINITIONS = (
					"DEBUG=1",
					"$(inherited)",
				);
				GCC_WARN_64_TO_32_BIT_CONVERSION = YES;
				GCC_WARN_ABOUT_RETURN_TYPE = YES_ERROR;
				GCC_WARN_UNDECLARED_SELECTOR = YES;
				GCC_WARN_UNINITIALIZED_AUTOS = YES_AGGRESSIVE;
				GCC_WARN_UNUSED_FUNCTION = YES;
				GCC_WARN_UNUSED_VARIABLE = YES;
				IPHONEOS_DEPLOYMENT_TARGET = 11.0;
				MTL_ENABLE_DEBUG_INFO = YES;
				ONLY_ACTIVE_ARCH = YES;
				SDKROOT = iphoneos;
				SWIFT_ACTIVE_COMPILATION_CONDITIONS = DEBUG;
				SWIFT_OPTIMIZATION_LEVEL = "-Onone";
			};
			name = Debug;
		};
		DEFCC87E1FBE1C9B00FB3D0E /* Release */ = {
			isa = XCBuildConfiguration;
			buildSettings = {
				ALWAYS_SEARCH_USER_PATHS = NO;
				CLANG_ANALYZER_NONNULL = YES;
				CLANG_ANALYZER_NUMBER_OBJECT_CONVERSION = YES_AGGRESSIVE;
				CLANG_CXX_LANGUAGE_STANDARD = "gnu++14";
				CLANG_CXX_LIBRARY = "libc++";
				CLANG_ENABLE_MODULES = YES;
				CLANG_ENABLE_OBJC_ARC = YES;
				CLANG_WARN_BLOCK_CAPTURE_AUTORELEASING = YES;
				CLANG_WARN_BOOL_CONVERSION = YES;
				CLANG_WARN_COMMA = YES;
				CLANG_WARN_CONSTANT_CONVERSION = YES;
				CLANG_WARN_DIRECT_OBJC_ISA_USAGE = YES_ERROR;
				CLANG_WARN_DOCUMENTATION_COMMENTS = YES;
				CLANG_WARN_EMPTY_BODY = YES;
				CLANG_WARN_ENUM_CONVERSION = YES;
				CLANG_WARN_INFINITE_RECURSION = YES;
				CLANG_WARN_INT_CONVERSION = YES;
				CLANG_WARN_NON_LITERAL_NULL_CONVERSION = YES;
				CLANG_WARN_OBJC_LITERAL_CONVERSION = YES;
				CLANG_WARN_OBJC_ROOT_CLASS = YES_ERROR;
				CLANG_WARN_RANGE_LOOP_ANALYSIS = YES;
				CLANG_WARN_STRICT_PROTOTYPES = YES;
				CLANG_WARN_SUSPICIOUS_MOVE = YES;
				CLANG_WARN_UNGUARDED_AVAILABILITY = YES_AGGRESSIVE;
				CLANG_WARN_UNREACHABLE_CODE = YES;
				CLANG_WARN__DUPLICATE_METHOD_MATCH = YES;
				CODE_SIGN_IDENTITY = "iPhone Developer";
				COPY_PHASE_STRIP = NO;
				DEBUG_INFORMATION_FORMAT = "dwarf-with-dsym";
				ENABLE_NS_ASSERTIONS = NO;
				ENABLE_STRICT_OBJC_MSGSEND = YES;
				GCC_C_LANGUAGE_STANDARD = gnu11;
				GCC_NO_COMMON_BLOCKS = YES;
				GCC_WARN_64_TO_32_BIT_CONVERSION = YES;
				GCC_WARN_ABOUT_RETURN_TYPE = YES_ERROR;
				GCC_WARN_UNDECLARED_SELECTOR = YES;
				GCC_WARN_UNINITIALIZED_AUTOS = YES_AGGRESSIVE;
				GCC_WARN_UNUSED_FUNCTION = YES;
				GCC_WARN_UNUSED_VARIABLE = YES;
				IPHONEOS_DEPLOYMENT_TARGET = 11.0;
				MTL_ENABLE_DEBUG_INFO = NO;
				SDKROOT = iphoneos;
				SWIFT_OPTIMIZATION_LEVEL = "-Owholemodule";
				VALIDATE_PRODUCT = YES;
			};
			name = Release;
		};
		DEFCC8801FBE1C9B00FB3D0E /* Debug */ = {
			isa = XCBuildConfiguration;
			buildSettings = {
				ASSETCATALOG_COMPILER_APPICON_NAME = AppIcon;
				CODE_SIGN_STYLE = Automatic;
				DEVELOPMENT_TEAM = 26RHXP32FH;
				INFOPLIST_FILE = BrewDog/Info.plist;
				LD_RUNPATH_SEARCH_PATHS = "$(inherited) @executable_path/Frameworks";
				PRODUCT_BUNDLE_IDENTIFIER = c4q.BrewDog;
				PRODUCT_NAME = "$(TARGET_NAME)";
				SWIFT_VERSION = 4.0;
				TARGETED_DEVICE_FAMILY = "1,2";
			};
			name = Debug;
		};
		DEFCC8811FBE1C9B00FB3D0E /* Release */ = {
			isa = XCBuildConfiguration;
			buildSettings = {
				ASSETCATALOG_COMPILER_APPICON_NAME = AppIcon;
				CODE_SIGN_STYLE = Automatic;
				DEVELOPMENT_TEAM = 26RHXP32FH;
				INFOPLIST_FILE = BrewDog/Info.plist;
				LD_RUNPATH_SEARCH_PATHS = "$(inherited) @executable_path/Frameworks";
				PRODUCT_BUNDLE_IDENTIFIER = c4q.BrewDog;
				PRODUCT_NAME = "$(TARGET_NAME)";
				SWIFT_VERSION = 4.0;
				TARGETED_DEVICE_FAMILY = "1,2";
			};
			name = Release;
		};
/* End XCBuildConfiguration section */

/* Begin XCConfigurationList section */
		DEFCC8681FBE1C9B00FB3D0E /* Build configuration list for PBXProject "BrewDog" */ = {
			isa = XCConfigurationList;
			buildConfigurations = (
				DEFCC87D1FBE1C9B00FB3D0E /* Debug */,
				DEFCC87E1FBE1C9B00FB3D0E /* Release */,
			);
			defaultConfigurationIsVisible = 0;
			defaultConfigurationName = Release;
		};
		DEFCC87F1FBE1C9B00FB3D0E /* Build configuration list for PBXNativeTarget "BrewDog" */ = {
			isa = XCConfigurationList;
			buildConfigurations = (
				DEFCC8801FBE1C9B00FB3D0E /* Debug */,
				DEFCC8811FBE1C9B00FB3D0E /* Release */,
			);
			defaultConfigurationIsVisible = 0;
			defaultConfigurationName = Release;
		};
/* End XCConfigurationList section */
	};
	rootObject = DEFCC8651FBE1C9B00FB3D0E /* Project object */;
}
